
Microsoft Visual Studio Solution File, Format Version 12.00
# Visual Studio Version 16
VisualStudioVersion = 16.0.29418.71
MinimumVisualStudioVersion = 10.0.40219.1
Project("{9A19103F-16F7-4668-BE54-9A1E7A4F7556}") = "SimpleBackOfficeAdmin", "SimpleBackOfficeAdmin\SimpleBackOfficeAdmin.csproj", "{68313C63-DEB9-4BA6-A664-972C7BF20E15}"
EndProject
Project("{FAE04EC0-301F-11D3-BF4B-00C04F79EFBC}") = "SimpleBackOfficeAdmin.Test", "SimpleBackOfficeAdmin.Test\SimpleBackOfficeAdmin.Test.csproj", "{253663B0-D9AE-450E-BA1C-B1615FE3D6CC}"
EndProject
Global
	GlobalSection(SolutionConfigurationPlatforms) = preSolution
		Debug|Any CPU = Debug|Any CPU
		Release|Any CPU = Release|Any CPU
	EndGlobalSection
	GlobalSection(ProjectConfigurationPlatforms) = postSolution
		{68313C63-DEB9-4BA6-A664-972C7BF20E15}.Debug|Any CPU.ActiveCfg = Debug|Any CPU
		{68313C63-DEB9-4BA6-A664-972C7BF20E15}.Debug|Any CPU.Build.0 = Debug|Any CPU
		{68313C63-DEB9-4BA6-A664-972C7BF20E15}.Release|Any CPU.ActiveCfg = Release|Any CPU
		{68313C63-DEB9-4BA6-A664-972C7BF20E15}.Release|Any CPU.Build.0 = Release|Any CPU
		{253663B0-D9AE-450E-BA1C-B1615FE3D6CC}.Debug|Any CPU.ActiveCfg = Debug|Any CPU
		{253663B0-D9AE-450E-BA1C-B1615FE3D6CC}.Debug|Any CPU.Build.0 = Debug|Any CPU
		{253663B0-D9AE-450E-BA1C-B1615FE3D6CC}.Release|Any CPU.ActiveCfg = Release|Any CPU
		{253663B0-D9AE-450E-BA1C-B1615FE3D6CC}.Release|Any CPU.Build.0 = Release|Any CPU
	EndGlobalSection
	GlobalSection(SolutionProperties) = preSolution
		HideSolutionNode = FALSE
	EndGlobalSection
	GlobalSection(ExtensibilityGlobals) = postSolution
		SolutionGuid = {2BF2F1A2-B155-4F0C-A943-D152B640F1A3}
	EndGlobalSection
EndGlobal
